{
  "name": "bojieyang.github.io",
  "lockfileVersion": 2,
  "requires": true,
  "packages": {
    "": {
      "devDependencies": {
        "prettier": "^2.7.1",
        "prettier-plugin-sh": "^0.12.6"
      }
    },
    "node_modules/mvdan-sh": {
      "version": "0.10.1",
      "resolved": "https://registry.npmmirror.com/mvdan-sh/-/mvdan-sh-0.10.1.tgz",
      "integrity": "sha512-kMbrH0EObaKmK3nVRKUIIya1dpASHIEusM13S4V1ViHFuxuNxCo+arxoa6j/dbV22YBGjl7UKJm9QQKJ2Crzhg==",
      "dev": true
    },
    "node_modules/prettier": {
      "version": "2.7.1",
      "resolved": "https://registry.npmmirror.com/prettier/-/prettier-2.7.1.tgz",
      "integrity": "sha512-ujppO+MkdPqoVINuDFDRLClm7D78qbDt0/NR+wp5FqEZOoTNAjPHWj17QRhu7geIHJfcNhRk1XVQmF8Bp3ye+g==",
      "dev": true,
      "bin": {
        "prettier": "bin-prettier.js"
      },
      "engines": {
        "node": ">=10.13.0"
      }
    },
    "node_modules/prettier-plugin-sh": {
      "version": "0.12.6",
      "resolved": "https://registry.npmmirror.com/prettier-plugin-sh/-/prettier-plugin-sh-0.12.6.tgz",
      "integrity": "sha512-Tqzj6mDW/+8umOgZO/qfLcpWYZFnRKYC3T9uK3t5aKpxeIspB7rT70TS3IFjUnYNQOLUM542HRW18L6Imj+uYQ==",
      "dev": true,
      "dependencies": {
        "mvdan-sh": "^0.10.1"
      },
      "engines": {
        "node": "^12.20.0 || ^14.18.0 || >=16.0.0"
      },
      "peerDependencies": {
        "prettier": "^2.0.0"
      }
    }
  },
  "dependencies": {
    "mvdan-sh": {
      "version": "0.10.1",
      "resolved": "https://registry.npmmirror.com/mvdan-sh/-/mvdan-sh-0.10.1.tgz",
      "integrity": "sha512-kMbrH0EObaKmK3nVRKUIIya1dpASHIEusM13S4V1ViHFuxuNxCo+arxoa6j/dbV22YBGjl7UKJm9QQKJ2Crzhg==",
      "dev": true
    },
    "prettier": {
      "version": "2.7.1",
      "resolved": "https://registry.npmmirror.com/prettier/-/prettier-2.7.1.tgz",
      "integrity": "sha512-ujppO+MkdPqoVINuDFDRLClm7D78qbDt0/NR+wp5FqEZOoTNAjPHWj17QRhu7geIHJfcNhRk1XVQmF8Bp3ye+g==",
      "dev": true
    },
    "prettier-plugin-sh": {
      "version": "0.12.6",
      "resolved": "https://registry.npmmirror.com/prettier-plugin-sh/-/prettier-plugin-sh-0.12.6.tgz",
      "integrity": "sha512-Tqzj6mDW/+8umOgZO/qfLcpWYZFnRKYC3T9uK3t5aKpxeIspB7rT70TS3IFjUnYNQOLUM542HRW18L6Imj+uYQ==",
      "dev": true,
      "requires": {
        "mvdan-sh": "^0.10.1"
      }
    }
  }
}
